<Solution>
  <Folder Name="/docs/">
    <File Path="../../files/auth.md" />
    <File Path="../../files/daily-activities.md" />
    <File Path="../../files/goals.md" />
    <File Path="../../files/home.md" />
    <File Path="../../files/leaderboard.md" />
    <File Path="../../files/poll.md" />
    <File Path="../../files/profile.md" />
    <File Path="../../files/README.md" />
    <File Path="../../files/useful-information.md" />
  </Folder>
  <Folder Name="/Solution Items/">
    <File Path=".editorconfig" />
  </Folder>
  <Folder Name="/src/">
    <Project Path="../iztekadmin/iztekadmin.csproj" Id="11357fc8-8389-4f91-b92a-373fc781c7b9" />
    <Project Path="src/IzTek.Carbon.Footprint.Api/IzTek.Carbon.Footprint.Api.csproj" />
    <Project Path="src/IzTek.Carbon.Footprint.Application/IzTek.Carbon.Footprint.Application.csproj" />
    <Project Path="src/IzTek.Carbon.Footprint.Domain/IzTek.Carbon.Footprint.Domain.csproj" />
    <Project Path="src/IzTek.Carbon.Footprint.Infrastructure/IzTek.Carbon.Footprint.Infrastructure.csproj" />
    <Project Path="src/IzTek.Carbon.Footprint.Persistence/IzTek.Carbon.Footprint.Persistence.csproj" />
  </Folder>
  <Project Path="docker-compose.dcproj">
    <Build />
  </Project>
</Solution>
